
Microsoft Visual Studio Solution File, Format Version 12.00
# Visual Studio Version 17
VisualStudioVersion = 17.14.36603.0 d17.14
MinimumVisualStudioVersion = 10.0.40219.1
Project("{FAE04EC0-301F-11D3-BF4B-00C04F79EFBC}") = "WYNLAB.TEMPLATE", "WYNLAB.TEMPLATE\WYNLAB.TEMPLATE.csproj", "{433994ED-98C2-D5C1-8473-B2C67D65A6A7}"
EndProject
Global
	GlobalSection(SolutionConfigurationPlatforms) = preSolution
		Debug|Any CPU = Debug|Any CPU
		Release|Any CPU = Release|Any CPU
	EndGlobalSection
	GlobalSection(ProjectConfigurationPlatforms) = postSolution
		{433994ED-98C2-D5C1-8473-B2C67D65A6A7}.Debug|Any CPU.ActiveCfg = Debug|Any CPU
		{433994ED-98C2-D5C1-8473-B2C67D65A6A7}.Debug|Any CPU.Build.0 = Debug|Any CPU
		{433994ED-98C2-D5C1-8473-B2C67D65A6A7}.Release|Any CPU.ActiveCfg = Release|Any CPU
		{433994ED-98C2-D5C1-8473-B2C67D65A6A7}.Release|Any CPU.Build.0 = Release|Any CPU
	EndGlobalSection
	GlobalSection(SolutionProperties) = preSolution
		HideSolutionNode = FALSE
	EndGlobalSection
	GlobalSection(ExtensibilityGlobals) = postSolution
		SolutionGuid = {B5AC113C-1816-4B11-B54F-C6786BCC91F2}
	EndGlobalSection
EndGlobal
