
Microsoft Visual Studio Solution File, Format Version 12.00
# Visual Studio Version 17
VisualStudioVersion = 17.0.31903.59
MinimumVisualStudioVersion = 10.0.40219.1
Project("{FAE04EC0-301F-11D3-BF4B-00C04F79EFBC}") = "WYNLAB.SM.MENU", "WYNLAB.SM.MENU\WYNLAB.SM.MENU.csproj", "{11866F5E-1F6B-44C5-AB7D-ED2A3ED5BB64}"
EndProject
Project("{FAE04EC0-301F-11D3-BF4B-00C04F79EFBC}") = "WYNLAB.BaseForm", "..\..\01.Client\WYNLAB.BaseForm\WYNLAB.BaseForm.csproj", "{23592B39-0812-428B-92DA-D8E37532AEF5}"
EndProject
Project("{FAE04EC0-301F-11D3-BF4B-00C04F79EFBC}") = "WYNLAB.Shared", "..\..\03.Shared\WYNLAB.Shared\WYNLAB.Shared.csproj", "{8FF5F55F-C019-41FB-B6E0-D92DF32D2499}"
EndProject
Global
	GlobalSection(SolutionConfigurationPlatforms) = preSolution
		Debug|Any CPU = Debug|Any CPU
		Debug|x64 = Debug|x64
		Debug|x86 = Debug|x86
		Release|Any CPU = Release|Any CPU
		Release|x64 = Release|x64
		Release|x86 = Release|x86
	EndGlobalSection
	GlobalSection(ProjectConfigurationPlatforms) = postSolution
		{11866F5E-1F6B-44C5-AB7D-ED2A3ED5BB64}.Debug|Any CPU.ActiveCfg = Debug|Any CPU
		{11866F5E-1F6B-44C5-AB7D-ED2A3ED5BB64}.Debug|Any CPU.Build.0 = Debug|Any CPU
		{11866F5E-1F6B-44C5-AB7D-ED2A3ED5BB64}.Debug|x64.ActiveCfg = Debug|Any CPU
		{11866F5E-1F6B-44C5-AB7D-ED2A3ED5BB64}.Debug|x64.Build.0 = Debug|Any CPU
		{11866F5E-1F6B-44C5-AB7D-ED2A3ED5BB64}.Debug|x86.ActiveCfg = Debug|Any CPU
		{11866F5E-1F6B-44C5-AB7D-ED2A3ED5BB64}.Debug|x86.Build.0 = Debug|Any CPU
		{11866F5E-1F6B-44C5-AB7D-ED2A3ED5BB64}.Release|Any CPU.ActiveCfg = Release|Any CPU
		{11866F5E-1F6B-44C5-AB7D-ED2A3ED5BB64}.Release|Any CPU.Build.0 = Release|Any CPU
		{11866F5E-1F6B-44C5-AB7D-ED2A3ED5BB64}.Release|x64.ActiveCfg = Release|Any CPU
		{11866F5E-1F6B-44C5-AB7D-ED2A3ED5BB64}.Release|x64.Build.0 = Release|Any CPU
		{11866F5E-1F6B-44C5-AB7D-ED2A3ED5BB64}.Release|x86.ActiveCfg = Release|Any CPU
		{11866F5E-1F6B-44C5-AB7D-ED2A3ED5BB64}.Release|x86.Build.0 = Release|Any CPU
		{23592B39-0812-428B-92DA-D8E37532AEF5}.Debug|Any CPU.ActiveCfg = Debug|Any CPU
		{23592B39-0812-428B-92DA-D8E37532AEF5}.Debug|Any CPU.Build.0 = Debug|Any CPU
		{23592B39-0812-428B-92DA-D8E37532AEF5}.Debug|x64.ActiveCfg = Debug|Any CPU
		{23592B39-0812-428B-92DA-D8E37532AEF5}.Debug|x64.Build.0 = Debug|Any CPU
		{23592B39-0812-428B-92DA-D8E37532AEF5}.Debug|x86.ActiveCfg = Debug|Any CPU
		{23592B39-0812-428B-92DA-D8E37532AEF5}.Debug|x86.Build.0 = Debug|Any CPU
		{23592B39-0812-428B-92DA-D8E37532AEF5}.Release|Any CPU.ActiveCfg = Release|Any CPU
		{23592B39-0812-428B-92DA-D8E37532AEF5}.Release|Any CPU.Build.0 = Release|Any CPU
		{23592B39-0812-428B-92DA-D8E37532AEF5}.Release|x64.ActiveCfg = Release|Any CPU
		{23592B39-0812-428B-92DA-D8E37532AEF5}.Release|x64.Build.0 = Release|Any CPU
		{23592B39-0812-428B-92DA-D8E37532AEF5}.Release|x86.ActiveCfg = Release|Any CPU
		{23592B39-0812-428B-92DA-D8E37532AEF5}.Release|x86.Build.0 = Release|Any CPU
		{8FF5F55F-C019-41FB-B6E0-D92DF32D2499}.Debug|Any CPU.ActiveCfg = Debug|Any CPU
		{8FF5F55F-C019-41FB-B6E0-D92DF32D2499}.Debug|Any CPU.Build.0 = Debug|Any CPU
		{8FF5F55F-C019-41FB-B6E0-D92DF32D2499}.Debug|x64.ActiveCfg = Debug|Any CPU
		{8FF5F55F-C019-41FB-B6E0-D92DF32D2499}.Debug|x64.Build.0 = Debug|Any CPU
		{8FF5F55F-C019-41FB-B6E0-D92DF32D2499}.Debug|x86.ActiveCfg = Debug|Any CPU
		{8FF5F55F-C019-41FB-B6E0-D92DF32D2499}.Debug|x86.Build.0 = Debug|Any CPU
		{8FF5F55F-C019-41FB-B6E0-D92DF32D2499}.Release|Any CPU.ActiveCfg = Release|Any CPU
		{8FF5F55F-C019-41FB-B6E0-D92DF32D2499}.Release|Any CPU.Build.0 = Release|Any CPU
		{8FF5F55F-C019-41FB-B6E0-D92DF32D2499}.Release|x64.ActiveCfg = Release|Any CPU
		{8FF5F55F-C019-41FB-B6E0-D92DF32D2499}.Release|x64.Build.0 = Release|Any CPU
		{8FF5F55F-C019-41FB-B6E0-D92DF32D2499}.Release|x86.ActiveCfg = Release|Any CPU
		{8FF5F55F-C019-41FB-B6E0-D92DF32D2499}.Release|x86.Build.0 = Release|Any CPU
	EndGlobalSection
	GlobalSection(SolutionProperties) = preSolution
		HideSolutionNode = FALSE
	EndGlobalSection
EndGlobal
